Microsoft Visual Studio Solution File, Format Version 12.00
# Visual Studio Version 17
VisualStudioVersion = 17.5.2.0
MinimumVisualStudioVersion = 10.0.40219.1
Project("{FAE04EC0-301F-11D3-BF4B-00C04F79EFBC}") = "TriangleTypeIdentifier", "TriangleTypeIdentifier.csproj", "{B052B8CC-6D7E-6921-7E1F-2AD1D76A4481}"
EndProject
Global
	GlobalSection(SolutionConfigurationPlatforms) = preSolution
		Debug|Any CPU = Debug|Any CPU
		Release|Any CPU = Release|Any CPU
	EndGlobalSection
	GlobalSection(ProjectConfigurationPlatforms) = postSolution
		{B052B8CC-6D7E-6921-7E1F-2AD1D76A4481}.Debug|Any CPU.ActiveCfg = Debug|Any CPU
		{B052B8CC-6D7E-6921-7E1F-2AD1D76A4481}.Debug|Any CPU.Build.0 = Debug|Any CPU
		{B052B8CC-6D7E-6921-7E1F-2AD1D76A4481}.Release|Any CPU.ActiveCfg = Release|Any CPU
		{B052B8CC-6D7E-6921-7E1F-2AD1D76A4481}.Release|Any CPU.Build.0 = Release|Any CPU
	EndGlobalSection
	GlobalSection(SolutionProperties) = preSolution
		HideSolutionNode = FALSE
	EndGlobalSection
	GlobalSection(ExtensibilityGlobals) = postSolution
		SolutionGuid = {F3850C5E-B121-42FD-BA20-19D620C4C197}
	EndGlobalSection
EndGlobal
